
Microsoft Visual Studio Solution File, Format Version 12.00
# Visual Studio Version 16
VisualStudioVersion = 16.0.31729.503
MinimumVisualStudioVersion = 10.0.40219.1
Project("{FAE04EC0-301F-11D3-BF4B-00C04F79EFBC}") = "Operatii cu numere mari", "Operatii cu numere mari\Operatii cu numere mari.csproj", "{2E360C65-B115-4E8A-9182-5546C448D39C}"
EndProject
Global
	GlobalSection(SolutionConfigurationPlatforms) = preSolution
		Debug|Any CPU = Debug|Any CPU
		Release|Any CPU = Release|Any CPU
	EndGlobalSection
	GlobalSection(ProjectConfigurationPlatforms) = postSolution
		{2E360C65-B115-4E8A-9182-5546C448D39C}.Debug|Any CPU.ActiveCfg = Debug|Any CPU
		{2E360C65-B115-4E8A-9182-5546C448D39C}.Debug|Any CPU.Build.0 = Debug|Any CPU
		{2E360C65-B115-4E8A-9182-5546C448D39C}.Release|Any CPU.ActiveCfg = Release|Any CPU
		{2E360C65-B115-4E8A-9182-5546C448D39C}.Release|Any CPU.Build.0 = Release|Any CPU
	EndGlobalSection
	GlobalSection(SolutionProperties) = preSolution
		HideSolutionNode = FALSE
	EndGlobalSection
	GlobalSection(ExtensibilityGlobals) = postSolution
		SolutionGuid = {F72A0346-B4AD-40E9-8D86-F7C424CF0200}
	EndGlobalSection
EndGlobal
